{
  "originHash" : "ce0ab2afe11b0b4d307b08cee634a785136562aefbb651840d04dabefdfed439",
  "pins" : [
    {
      "identity" : "usearch",
      "kind" : "remoteSourceControl",
      "location" : "https://github.com/unum-cloud/usearch",
      "state" : {
        "branch" : "main",
        "revision" : "e7140e55967a4198f2bbd34987fa7597ebafa649"
      }
    }
  ],
  "version" : 3
}
