// !$*UTF8*$!
{
	archiveVersion = 1;
	classes = {
	};
	objectVersion = 56;
	objects = {

/* Begin PBXBuildFile section */
		46B4675E2BD70804009D6420 /* SearchModel.swift in Sources */ = {isa = PBXBuildFile; fileRef = 46B4675D2BD70804009D6420 /* SearchModel.swift */; };
		A208E9DC2BCB3A20005F91B5 /* App.swift in Sources */ = {isa = PBXBuildFile; fileRef = A208E9DB2BCB3A20005F91B5 /* App.swift */; };
		A208E9DE2BCB3A20005F91B5 /* ContentView.swift in Sources */ = {isa = PBXBuildFile; fileRef = A208E9DD2BCB3A20005F91B5 /* ContentView.swift */; };
		A208E9E02BCB3A21005F91B5 /* Assets.xcassets in Resources */ = {isa = PBXBuildFile; fileRef = A208E9DF2BCB3A21005F91B5 /* Assets.xcassets */; };
		A208E9E32BCB3A21005F91B5 /* Preview Assets.xcassets in Resources */ = {isa = PBXBuildFile; fileRef = A208E9E22BCB3A21005F91B5 /* Preview Assets.xcassets */; };
		A2672E2F2BE02AB1001606F8 /* Media in Frameworks */ = {isa = PBXBuildFile; productRef = A2672E2E2BE02AB1001606F8 /* Media */; };
		A297E7C42BD6FFCA00C478C2 /* UForm in Frameworks */ = {isa = PBXBuildFile; productRef = A297E7C32BD6FFCA00C478C2 /* UForm */; };
		A2EABA6C2BCB4C8500CB4341 /* images.uform3-image-text-english-small.fbin in Resources */ = {isa = PBXBuildFile; fileRef = A2EABA692BCB4C8500CB4341 /* images.uform3-image-text-english-small.fbin */; };
		A2EABA6E2BCB4C8500CB4341 /* images.names.txt in Resources */ = {isa = PBXBuildFile; fileRef = A2EABA6B2BCB4C8500CB4341 /* images.names.txt */; };
		A2EABA6F2BCB4F7700CB4341 /* images in Resources */ = {isa = PBXBuildFile; fileRef = A2EABA6A2BCB4C8500CB4341 /* images */; };
		A2EABA722BCB50CE00CB4341 /* USearch in Frameworks */ = {isa = PBXBuildFile; productRef = A2EABA712BCB50CE00CB4341 /* USearch */; };
/* End PBXBuildFile section */

/* Begin PBXFileReference section */
		46120B1C2BDFD962007746C2 /* Info.plist */ = {isa = PBXFileReference; lastKnownFileType = text.plist; path = Info.plist; sourceTree = "<group>"; };
		46B4675D2BD70804009D6420 /* SearchModel.swift */ = {isa = PBXFileReference; lastKnownFileType = sourcecode.swift; path = SearchModel.swift; sourceTree = "<group>"; };
		A208E9D82BCB3A20005F91B5 /* SwiftSemanticSearch.app */ = {isa = PBXFileReference; explicitFileType = wrapper.application; includeInIndex = 0; path = SwiftSemanticSearch.app; sourceTree = BUILT_PRODUCTS_DIR; };
		A208E9DB2BCB3A20005F91B5 /* App.swift */ = {isa = PBXFileReference; lastKnownFileType = sourcecode.swift; path = App.swift; sourceTree = "<group>"; };
		A208E9DD2BCB3A20005F91B5 /* ContentView.swift */ = {isa = PBXFileReference; lastKnownFileType = sourcecode.swift; path = ContentView.swift; sourceTree = "<group>"; };
		A208E9DF2BCB3A21005F91B5 /* Assets.xcassets */ = {isa = PBXFileReference; lastKnownFileType = folder.assetcatalog; path = Assets.xcassets; sourceTree = "<group>"; };
		A208E9E22BCB3A21005F91B5 /* Preview Assets.xcassets */ = {isa = PBXFileReference; lastKnownFileType = folder.assetcatalog; path = "Preview Assets.xcassets"; sourceTree = "<group>"; };
		A2EABA692BCB4C8500CB4341 /* images.uform3-image-text-english-small.fbin */ = {isa = PBXFileReference; lastKnownFileType = file; path = "images.uform3-image-text-english-small.fbin"; sourceTree = "<group>"; };
		A2EABA6A2BCB4C8500CB4341 /* images */ = {isa = PBXFileReference; lastKnownFileType = folder; path = images; sourceTree = "<group>"; };
		A2EABA6B2BCB4C8500CB4341 /* images.names.txt */ = {isa = PBXFileReference; fileEncoding = 4; lastKnownFileType = text; path = images.names.txt; sourceTree = "<group>"; };
/* End PBXFileReference section */

/* Begin PBXFrameworksBuildPhase section */
		A208E9D52BCB3A20005F91B5 /* Frameworks */ = {
			isa = PBXFrameworksBuildPhase;
			buildActionMask = 2147483647;
			files = (
				A2672E2F2BE02AB1001606F8 /* Media in Frameworks */,
				A297E7C42BD6FFCA00C478C2 /* UForm in Frameworks */,
				A2EABA722BCB50CE00CB4341 /* USearch in Frameworks */,
			);
			runOnlyForDeploymentPostprocessing = 0;
		};
/* End PBXFrameworksBuildPhase section */

/* Begin PBXGroup section */
		A208E9CF2BCB3A20005F91B5 = {
			isa = PBXGroup;
			children = (
				A2EABA6A2BCB4C8500CB4341 /* images */,
				A2EABA6B2BCB4C8500CB4341 /* images.names.txt */,
				A2EABA692BCB4C8500CB4341 /* images.uform3-image-text-english-small.fbin */,
				A208E9DA2BCB3A20005F91B5 /* SwiftSemanticSearch */,
				A208E9D92BCB3A20005F91B5 /* Products */,
				A2236C0A2BCB602400449368 /* Frameworks */,
			);
			sourceTree = "<group>";
		};
		A208E9D92BCB3A20005F91B5 /* Products */ = {
			isa = PBXGroup;
			children = (
				A208E9D82BCB3A20005F91B5 /* SwiftSemanticSearch.app */,
			);
			name = Products;
			sourceTree = "<group>";
		};
		A208E9DA2BCB3A20005F91B5 /* SwiftSemanticSearch */ = {
			isa = PBXGroup;
			children = (
				46120B1C2BDFD962007746C2 /* Info.plist */,
				A208E9DD2BCB3A20005F91B5 /* ContentView.swift */,
				46B4675D2BD70804009D6420 /* SearchModel.swift */,
				A208E9DB2BCB3A20005F91B5 /* App.swift */,
				A208E9DF2BCB3A21005F91B5 /* Assets.xcassets */,
				A208E9E12BCB3A21005F91B5 /* Preview Content */,
			);
			path = SwiftSemanticSearch;
			sourceTree = "<group>";
		};
		A208E9E12BCB3A21005F91B5 /* Preview Content */ = {
			isa = PBXGroup;
			children = (
				A208E9E22BCB3A21005F91B5 /* Preview Assets.xcassets */,
			);
			path = "Preview Content";
			sourceTree = "<group>";
		};
		A2236C0A2BCB602400449368 /* Frameworks */ = {
			isa = PBXGroup;
			children = (
			);
			name = Frameworks;
			sourceTree = "<group>";
		};
/* End PBXGroup section */

/* Begin PBXNativeTarget section */
		A208E9D72BCB3A20005F91B5 /* SwiftSemanticSearch */ = {
			isa = PBXNativeTarget;
			buildConfigurationList = A208E9E62BCB3A21005F91B5 /* Build configuration list for PBXNativeTarget "SwiftSemanticSearch" */;
			buildPhases = (
				A208E9D42BCB3A20005F91B5 /* Sources */,
				A208E9D52BCB3A20005F91B5 /* Frameworks */,
				A208E9D62BCB3A20005F91B5 /* Resources */,
			);
			buildRules = (
			);
			dependencies = (
			);
			name = SwiftSemanticSearch;
			packageProductDependencies = (
				A2EABA712BCB50CE00CB4341 /* USearch */,
				A297E7C32BD6FFCA00C478C2 /* UForm */,
				A2672E2E2BE02AB1001606F8 /* Media */,
			);
			productName = SwiftSemanticSearch;
			productReference = A208E9D82BCB3A20005F91B5 /* SwiftSemanticSearch.app */;
			productType = "com.apple.product-type.application";
		};
/* End PBXNativeTarget section */

/* Begin PBXProject section */
		A208E9D02BCB3A20005F91B5 /* Project object */ = {
			isa = PBXProject;
			attributes = {
				BuildIndependentTargetsInParallel = 1;
				LastSwiftUpdateCheck = 1520;
				LastUpgradeCheck = 1520;
				TargetAttributes = {
					A208E9D72BCB3A20005F91B5 = {
						CreatedOnToolsVersion = 15.2;
					};
				};
			};
			buildConfigurationList = A208E9D32BCB3A20005F91B5 /* Build configuration list for PBXProject "SwiftSemanticSearch" */;
			compatibilityVersion = "Xcode 14.0";
			developmentRegion = en;
			hasScannedForEncodings = 0;
			knownRegions = (
				en,
				Base,
			);
			mainGroup = A208E9CF2BCB3A20005F91B5;
			packageReferences = (
				A2EABA702BCB50CE00CB4341 /* XCRemoteSwiftPackageReference "usearch" */,
				A297E7C22BD6FFCA00C478C2 /* XCRemoteSwiftPackageReference "uform" */,
				46B4675A2BD707EF009D6420 /* XCRemoteSwiftPackageReference "SwiftUIX" */,
				463083262BDCAA2B006A644E /* XCRemoteSwiftPackageReference "Media" */,
			);
			productRefGroup = A208E9D92BCB3A20005F91B5 /* Products */;
			projectDirPath = "";
			projectRoot = "";
			targets = (
				A208E9D72BCB3A20005F91B5 /* SwiftSemanticSearch */,
			);
		};
/* End PBXProject section */

/* Begin PBXResourcesBuildPhase section */
		A208E9D62BCB3A20005F91B5 /* Resources */ = {
			isa = PBXResourcesBuildPhase;
			buildActionMask = 2147483647;
			files = (
				A208E9E32BCB3A21005F91B5 /* Preview Assets.xcassets in Resources */,
				A208E9E02BCB3A21005F91B5 /* Assets.xcassets in Resources */,
				A2EABA6E2BCB4C8500CB4341 /* images.names.txt in Resources */,
				A2EABA6C2BCB4C8500CB4341 /* images.uform3-image-text-english-small.fbin in Resources */,
				A2EABA6F2BCB4F7700CB4341 /* images in Resources */,
			);
			runOnlyForDeploymentPostprocessing = 0;
		};
/* End PBXResourcesBuildPhase section */

/* Begin PBXSourcesBuildPhase section */
		A208E9D42BCB3A20005F91B5 /* Sources */ = {
			isa = PBXSourcesBuildPhase;
			buildActionMask = 2147483647;
			files = (
				A208E9DE2BCB3A20005F91B5 /* ContentView.swift in Sources */,
				46B4675E2BD70804009D6420 /* SearchModel.swift in Sources */,
				A208E9DC2BCB3A20005F91B5 /* App.swift in Sources */,
			);
			runOnlyForDeploymentPostprocessing = 0;
		};
/* End PBXSourcesBuildPhase section */

/* Begin XCBuildConfiguration section */
		A208E9E42BCB3A21005F91B5 /* Debug */ = {
			isa = XCBuildConfiguration;
			buildSettings = {
				ALWAYS_SEARCH_USER_PATHS = NO;
				APP_SHORTCUTS_ENABLE_FLEXIBLE_MATCHING = NO;
				ASSETCATALOG_COMPILER_GENERATE_ASSET_SYMBOLS = NO;
				ASSETCATALOG_COMPILER_GENERATE_ASSET_SYMBOL_FRAMEWORKS = "";
				ASSETCATALOG_COMPILER_GENERATE_SWIFT_ASSET_SYMBOL_EXTENSIONS = NO;
				CLANG_ANALYZER_NONNULL = YES;
				CLANG_ANALYZER_NUMBER_OBJECT_CONVERSION = YES_AGGRESSIVE;
				CLANG_CXX_LANGUAGE_STANDARD = "gnu++20";
				CLANG_ENABLE_MODULES = YES;
				CLANG_ENABLE_OBJC_ARC = YES;
				CLANG_ENABLE_OBJC_WEAK = YES;
				CLANG_WARN_BLOCK_CAPTURE_AUTORELEASING = YES;
				CLANG_WARN_BOOL_CONVERSION = YES;
				CLANG_WARN_COMMA = YES;
				CLANG_WARN_CONSTANT_CONVERSION = YES;
				CLANG_WARN_DEPRECATED_OBJC_IMPLEMENTATIONS = YES;
				CLANG_WARN_DIRECT_OBJC_ISA_USAGE = YES_ERROR;
				CLANG_WARN_DOCUMENTATION_COMMENTS = YES;
				CLANG_WARN_EMPTY_BODY = YES;
				CLANG_WARN_ENUM_CONVERSION = YES;
				CLANG_WARN_INFINITE_RECURSION = YES;
				CLANG_WARN_INT_CONVERSION = YES;
				CLANG_WARN_NON_LITERAL_NULL_CONVERSION = YES;
				CLANG_WARN_OBJC_IMPLICIT_RETAIN_SELF = YES;
				CLANG_WARN_OBJC_LITERAL_CONVERSION = YES;
				CLANG_WARN_OBJC_ROOT_CLASS = YES_ERROR;
				CLANG_WARN_QUOTED_INCLUDE_IN_FRAMEWORK_HEADER = YES;
				CLANG_WARN_RANGE_LOOP_ANALYSIS = YES;
				CLANG_WARN_STRICT_PROTOTYPES = YES;
				CLANG_WARN_SUSPICIOUS_MOVE = YES;
				CLANG_WARN_UNGUARDED_AVAILABILITY = YES_AGGRESSIVE;
				CLANG_WARN_UNREACHABLE_CODE = YES;
				CLANG_WARN__DUPLICATE_METHOD_MATCH = YES;
				COPY_PHASE_STRIP = NO;
				DEBUG_INFORMATION_FORMAT = dwarf;
				ENABLE_STRICT_OBJC_MSGSEND = YES;
				ENABLE_TESTABILITY = YES;
				ENABLE_USER_SCRIPT_SANDBOXING = YES;
				GCC_C_LANGUAGE_STANDARD = gnu17;
				GCC_DYNAMIC_NO_PIC = NO;
				GCC_NO_COMMON_BLOCKS = YES;
				GCC_OPTIMIZATION_LEVEL = 0;
				GCC_PREPROCESSOR_DEFINITIONS = (
					"DEBUG=1",
					"$(inherited)",
				);
				GCC_WARN_64_TO_32_BIT_CONVERSION = YES;
				GCC_WARN_ABOUT_RETURN_TYPE = YES_ERROR;
				GCC_WARN_UNDECLARED_SELECTOR = YES;
				GCC_WARN_UNINITIALIZED_AUTOS = YES_AGGRESSIVE;
				GCC_WARN_UNUSED_FUNCTION = YES;
				GCC_WARN_UNUSED_VARIABLE = YES;
				IPHONEOS_DEPLOYMENT_TARGET = 17.2;
				LOCALIZATION_PREFERS_STRING_CATALOGS = YES;
				MTL_ENABLE_DEBUG_INFO = INCLUDE_SOURCE;
				MTL_FAST_MATH = YES;
				ONLY_ACTIVE_ARCH = YES;
				SDKROOT = iphoneos;
				SWIFT_ACTIVE_COMPILATION_CONDITIONS = "DEBUG $(inherited)";
				SWIFT_OPTIMIZATION_LEVEL = "-Onone";
			};
			name = Debug;
		};
		A208E9E52BCB3A21005F91B5 /* Release */ = {
			isa = XCBuildConfiguration;
			buildSettings = {
				ALWAYS_SEARCH_USER_PATHS = NO;
				APP_SHORTCUTS_ENABLE_FLEXIBLE_MATCHING = NO;
				ASSETCATALOG_COMPILER_GENERATE_ASSET_SYMBOLS = NO;
				ASSETCATALOG_COMPILER_GENERATE_ASSET_SYMBOL_FRAMEWORKS = "";
				ASSETCATALOG_COMPILER_GENERATE_SWIFT_ASSET_SYMBOL_EXTENSIONS = NO;
				CLANG_ANALYZER_NONNULL = YES;
				CLANG_ANALYZER_NUMBER_OBJECT_CONVERSION = YES_AGGRESSIVE;
				CLANG_CXX_LANGUAGE_STANDARD = "gnu++20";
				CLANG_ENABLE_MODULES = YES;
				CLANG_ENABLE_OBJC_ARC = YES;
				CLANG_ENABLE_OBJC_WEAK = YES;
				CLANG_WARN_BLOCK_CAPTURE_AUTORELEASING = YES;
				CLANG_WARN_BOOL_CONVERSION = YES;
				CLANG_WARN_COMMA = YES;
				CLANG_WARN_CONSTANT_CONVERSION = YES;
				CLANG_WARN_DEPRECATED_OBJC_IMPLEMENTATIONS = YES;
				CLANG_WARN_DIRECT_OBJC_ISA_USAGE = YES_ERROR;
				CLANG_WARN_DOCUMENTATION_COMMENTS = YES;
				CLANG_WARN_EMPTY_BODY = YES;
				CLANG_WARN_ENUM_CONVERSION = YES;
				CLANG_WARN_INFINITE_RECURSION = YES;
				CLANG_WARN_INT_CONVERSION = YES;
				CLANG_WARN_NON_LITERAL_NULL_CONVERSION = YES;
				CLANG_WARN_OBJC_IMPLICIT_RETAIN_SELF = YES;
				CLANG_WARN_OBJC_LITERAL_CONVERSION = YES;
				CLANG_WARN_OBJC_ROOT_CLASS = YES_ERROR;
				CLANG_WARN_QUOTED_INCLUDE_IN_FRAMEWORK_HEADER = YES;
				CLANG_WARN_RANGE_LOOP_ANALYSIS = YES;
				CLANG_WARN_STRICT_PROTOTYPES = YES;
				CLANG_WARN_SUSPICIOUS_MOVE = YES;
				CLANG_WARN_UNGUARDED_AVAILABILITY = YES_AGGRESSIVE;
				CLANG_WARN_UNREACHABLE_CODE = YES;
				CLANG_WARN__DUPLICATE_METHOD_MATCH = YES;
				COPY_PHASE_STRIP = NO;
				DEBUG_INFORMATION_FORMAT = "dwarf-with-dsym";
				ENABLE_NS_ASSERTIONS = NO;
				ENABLE_STRICT_OBJC_MSGSEND = YES;
				ENABLE_USER_SCRIPT_SANDBOXING = YES;
				GCC_C_LANGUAGE_STANDARD = gnu17;
				GCC_NO_COMMON_BLOCKS = YES;
				GCC_WARN_64_TO_32_BIT_CONVERSION = YES;
				GCC_WARN_ABOUT_RETURN_TYPE = YES_ERROR;
				GCC_WARN_UNDECLARED_SELECTOR = YES;
				GCC_WARN_UNINITIALIZED_AUTOS = YES_AGGRESSIVE;
				GCC_WARN_UNUSED_FUNCTION = YES;
				GCC_WARN_UNUSED_VARIABLE = YES;
				IPHONEOS_DEPLOYMENT_TARGET = 17.2;
				LOCALIZATION_PREFERS_STRING_CATALOGS = YES;
				MTL_ENABLE_DEBUG_INFO = NO;
				MTL_FAST_MATH = YES;
				SDKROOT = iphoneos;
				SWIFT_COMPILATION_MODE = wholemodule;
				VALIDATE_PRODUCT = YES;
			};
			name = Release;
		};
		A208E9E72BCB3A21005F91B5 /* Debug */ = {
			isa = XCBuildConfiguration;
			buildSettings = {
				ASSETCATALOG_COMPILER_APPICON_NAME = AppIcon;
				ASSETCATALOG_COMPILER_GLOBAL_ACCENT_COLOR_NAME = AccentColor;
				CODE_SIGN_STYLE = Automatic;
				CURRENT_PROJECT_VERSION = 1;
				DEVELOPMENT_ASSET_PATHS = "\"SwiftSemanticSearch/Preview Content\"";
				DEVELOPMENT_TEAM = 4J62EE2G74;
				ENABLE_PREVIEWS = YES;
				GENERATE_INFOPLIST_FILE = YES;
				INFOPLIST_FILE = SwiftSemanticSearch/Info.plist;
				INFOPLIST_KEY_CFBundleDisplayName = "Swift Semantic Search";
				INFOPLIST_KEY_LSApplicationCategoryType = "public.app-category.photography";
				INFOPLIST_KEY_NSCameraUsageDescription = "This app requires camera usage.";
				INFOPLIST_KEY_UIApplicationSceneManifest_Generation = YES;
				INFOPLIST_KEY_UIApplicationSupportsIndirectInputEvents = YES;
				INFOPLIST_KEY_UILaunchScreen_Generation = YES;
				INFOPLIST_KEY_UISupportedInterfaceOrientations_iPad = "UIInterfaceOrientationPortrait UIInterfaceOrientationPortraitUpsideDown UIInterfaceOrientationLandscapeLeft UIInterfaceOrientationLandscapeRight";
				INFOPLIST_KEY_UISupportedInterfaceOrientations_iPhone = "UIInterfaceOrientationPortrait UIInterfaceOrientationLandscapeLeft UIInterfaceOrientationLandscapeRight";
				LD_RUNPATH_SEARCH_PATHS = (
					"$(inherited)",
					"@executable_path/Frameworks",
				);
				MARKETING_VERSION = 1.0;
				PRODUCT_BUNDLE_IDENTIFIER = SwiftSemanticSearch;
				PRODUCT_NAME = "$(TARGET_NAME)";
				SWIFT_EMIT_LOC_STRINGS = YES;
				SWIFT_VERSION = 5.0;
				TARGETED_DEVICE_FAMILY = "1,2";
			};
			name = Debug;
		};
		A208E9E82BCB3A21005F91B5 /* Release */ = {
			isa = XCBuildConfiguration;
			buildSettings = {
				ASSETCATALOG_COMPILER_APPICON_NAME = AppIcon;
				ASSETCATALOG_COMPILER_GLOBAL_ACCENT_COLOR_NAME = AccentColor;
				CODE_SIGN_STYLE = Automatic;
				CURRENT_PROJECT_VERSION = 1;
				DEVELOPMENT_ASSET_PATHS = "\"SwiftSemanticSearch/Preview Content\"";
				DEVELOPMENT_TEAM = 4J62EE2G74;
				ENABLE_PREVIEWS = YES;
				GENERATE_INFOPLIST_FILE = YES;
				INFOPLIST_FILE = SwiftSemanticSearch/Info.plist;
				INFOPLIST_KEY_CFBundleDisplayName = "Swift Semantic Search";
				INFOPLIST_KEY_LSApplicationCategoryType = "public.app-category.photography";
				INFOPLIST_KEY_NSCameraUsageDescription = "This app requires camera usage.";
				INFOPLIST_KEY_UIApplicationSceneManifest_Generation = YES;
				INFOPLIST_KEY_UIApplicationSupportsIndirectInputEvents = YES;
				INFOPLIST_KEY_UILaunchScreen_Generation = YES;
				INFOPLIST_KEY_UISupportedInterfaceOrientations_iPad = "UIInterfaceOrientationPortrait UIInterfaceOrientationPortraitUpsideDown UIInterfaceOrientationLandscapeLeft UIInterfaceOrientationLandscapeRight";
				INFOPLIST_KEY_UISupportedInterfaceOrientations_iPhone = "UIInterfaceOrientationPortrait UIInterfaceOrientationLandscapeLeft UIInterfaceOrientationLandscapeRight";
				LD_RUNPATH_SEARCH_PATHS = (
					"$(inherited)",
					"@executable_path/Frameworks",
				);
				MARKETING_VERSION = 1.0;
				PRODUCT_BUNDLE_IDENTIFIER = SwiftSemanticSearch;
				PRODUCT_NAME = "$(TARGET_NAME)";
				SWIFT_EMIT_LOC_STRINGS = YES;
				SWIFT_VERSION = 5.0;
				TARGETED_DEVICE_FAMILY = "1,2";
			};
			name = Release;
		};
/* End XCBuildConfiguration section */

/* Begin XCConfigurationList section */
		A208E9D32BCB3A20005F91B5 /* Build configuration list for PBXProject "SwiftSemanticSearch" */ = {
			isa = XCConfigurationList;
			buildConfigurations = (
				A208E9E42BCB3A21005F91B5 /* Debug */,
				A208E9E52BCB3A21005F91B5 /* Release */,
			);
			defaultConfigurationIsVisible = 0;
			defaultConfigurationName = Release;
		};
		A208E9E62BCB3A21005F91B5 /* Build configuration list for PBXNativeTarget "SwiftSemanticSearch" */ = {
			isa = XCConfigurationList;
			buildConfigurations = (
				A208E9E72BCB3A21005F91B5 /* Debug */,
				A208E9E82BCB3A21005F91B5 /* Release */,
			);
			defaultConfigurationIsVisible = 0;
			defaultConfigurationName = Release;
		};
/* End XCConfigurationList section */

/* Begin XCRemoteSwiftPackageReference section */
		463083262BDCAA2B006A644E /* XCRemoteSwiftPackageReference "Media" */ = {
			isa = XCRemoteSwiftPackageReference;
			repositoryURL = "https://github.com/vmanot/Media.git";
			requirement = {
				branch = main;
				kind = branch;
			};
		};
		46B4675A2BD707EF009D6420 /* XCRemoteSwiftPackageReference "SwiftUIX" */ = {
			isa = XCRemoteSwiftPackageReference;
			repositoryURL = "https://github.com/SwiftUIX/SwiftUIX.git";
			requirement = {
				branch = master;
				kind = branch;
			};
		};
		A297E7C22BD6FFCA00C478C2 /* XCRemoteSwiftPackageReference "uform" */ = {
			isa = XCRemoteSwiftPackageReference;
			repositoryURL = "https://github.com/unum-cloud/uform/";
			requirement = {
				branch = main;
				kind = branch;
			};
		};
		A2EABA702BCB50CE00CB4341 /* XCRemoteSwiftPackageReference "usearch" */ = {
			isa = XCRemoteSwiftPackageReference;
			repositoryURL = "https://github.com/unum-cloud/usearch";
			requirement = {
				branch = main;
				kind = branch;
			};
		};
/* End XCRemoteSwiftPackageReference section */

/* Begin XCSwiftPackageProductDependency section */
		A2672E2E2BE02AB1001606F8 /* Media */ = {
			isa = XCSwiftPackageProductDependency;
			productName = Media;
		};
		A297E7C32BD6FFCA00C478C2 /* UForm */ = {
			isa = XCSwiftPackageProductDependency;
			package = A297E7C22BD6FFCA00C478C2 /* XCRemoteSwiftPackageReference "uform" */;
			productName = UForm;
		};
		A2EABA712BCB50CE00CB4341 /* USearch */ = {
			isa = XCSwiftPackageProductDependency;
			package = A2EABA702BCB50CE00CB4341 /* XCRemoteSwiftPackageReference "usearch" */;
			productName = USearch;
		};
/* End XCSwiftPackageProductDependency section */
	};
	rootObject = A208E9D02BCB3A20005F91B5 /* Project object */;
}
